
Microsoft Visual Studio Solution File, Format Version 12.00
# Visual Studio Version 16
VisualStudioVersion = 16.0.30611.23
MinimumVisualStudioVersion = 10.0.40219.1
Project("{FAE04EC0-301F-11D3-BF4B-00C04F79EFBC}") = "FFT正弦表生成器", "FFT正弦表生成器.csproj", "{3CA35457-AA8E-494D-BC44-7AABE68C10C3}"
EndProject
Global
	GlobalSection(SolutionConfigurationPlatforms) = preSolution
		Debug|Any CPU = Debug|Any CPU
		Release|Any CPU = Release|Any CPU
	EndGlobalSection
	GlobalSection(ProjectConfigurationPlatforms) = postSolution
		{3CA35457-AA8E-494D-BC44-7AABE68C10C3}.Debug|Any CPU.ActiveCfg = Debug|Any CPU
		{3CA35457-AA8E-494D-BC44-7AABE68C10C3}.Debug|Any CPU.Build.0 = Debug|Any CPU
		{3CA35457-AA8E-494D-BC44-7AABE68C10C3}.Release|Any CPU.ActiveCfg = Release|Any CPU
		{3CA35457-AA8E-494D-BC44-7AABE68C10C3}.Release|Any CPU.Build.0 = Release|Any CPU
	EndGlobalSection
	GlobalSection(SolutionProperties) = preSolution
		HideSolutionNode = FALSE
	EndGlobalSection
	GlobalSection(ExtensibilityGlobals) = postSolution
		SolutionGuid = {C0C70560-938B-4D5F-9994-C38FA7D3890B}
	EndGlobalSection
EndGlobal
